Microsoft Visual Studio Solution File, Format Version 11.00
# Visual Studio 2008

Project("{6611D225-EAAA-923B-4E7F-92016A6018EE}") = "TowerDefense 2", "Assembly-CSharp.csproj", "{8D265FEC-880F-E079-5A84-75C68B114C79}"
EndProject
Global
	GlobalSection(SolutionConfigurationPlatforms) = preSolution
		Debug|Any CPU = Debug|Any CPU
		Release|Any CPU = Release|Any CPU
	EndGlobalSection
	GlobalSection(ProjectConfigurationPlatforms) = postSolution
		{8D265FEC-880F-E079-5A84-75C68B114C79}.Debug|Any CPU.ActiveCfg = Debug|Any CPU
		{8D265FEC-880F-E079-5A84-75C68B114C79}.Debug|Any CPU.Build.0 = Debug|Any CPU
		{8D265FEC-880F-E079-5A84-75C68B114C79}.Release|Any CPU.ActiveCfg = Release|Any CPU
		{8D265FEC-880F-E079-5A84-75C68B114C79}.Release|Any CPU.Build.0 = Release|Any CPU
	EndGlobalSection
	GlobalSection(SolutionProperties) = preSolution
		HideSolutionNode = FALSE
	EndGlobalSection
	GlobalSection(MonoDevelopProperties) = preSolution
		StartupItem = Assembly-CSharp.csproj
	EndGlobalSection
EndGlobal
